
Microsoft Visual Studio Solution File, Format Version 12.00
# Visual Studio Version 16
VisualStudioVersion = 16.0.30114.105
MinimumVisualStudioVersion = 10.0.40219.1
Project("{FAE04EC0-301F-11D3-BF4B-00C04F79EFBC}") = "MarsRover", "MarsRover\MarsRover.csproj", "{18CDE755-0378-4E44-BB81-4610C8E69E7A}"
EndProject
Project("{FAE04EC0-301F-11D3-BF4B-00C04F79EFBC}") = "MarsRover.Test", "MarsRover.Test\MarsRover.Test.csproj", "{90C9D4EF-8E2A-4122-B1BA-EC9499A43848}"
EndProject
Global
	GlobalSection(SolutionConfigurationPlatforms) = preSolution
		Debug|Any CPU = Debug|Any CPU
		Release|Any CPU = Release|Any CPU
	EndGlobalSection
	GlobalSection(SolutionProperties) = preSolution
		HideSolutionNode = FALSE
	EndGlobalSection
	GlobalSection(ProjectConfigurationPlatforms) = postSolution
		{18CDE755-0378-4E44-BB81-4610C8E69E7A}.Debug|Any CPU.ActiveCfg = Debug|Any CPU
		{18CDE755-0378-4E44-BB81-4610C8E69E7A}.Debug|Any CPU.Build.0 = Debug|Any CPU
		{18CDE755-0378-4E44-BB81-4610C8E69E7A}.Release|Any CPU.ActiveCfg = Release|Any CPU
		{18CDE755-0378-4E44-BB81-4610C8E69E7A}.Release|Any CPU.Build.0 = Release|Any CPU
		{90C9D4EF-8E2A-4122-B1BA-EC9499A43848}.Debug|Any CPU.ActiveCfg = Debug|Any CPU
		{90C9D4EF-8E2A-4122-B1BA-EC9499A43848}.Debug|Any CPU.Build.0 = Debug|Any CPU
		{90C9D4EF-8E2A-4122-B1BA-EC9499A43848}.Release|Any CPU.ActiveCfg = Release|Any CPU
		{90C9D4EF-8E2A-4122-B1BA-EC9499A43848}.Release|Any CPU.Build.0 = Release|Any CPU
	EndGlobalSection
EndGlobal
